
Microsoft Visual Studio Solution File, Format Version 12.00
# Visual Studio Version 16
VisualStudioVersion = 16.0.30611.23
MinimumVisualStudioVersion = 10.0.40219.1
Project("{FAE04EC0-301F-11D3-BF4B-00C04F79EFBC}") = "e-comcerce", "e-comcerce\e-comcerce.csproj", "{3458D29C-19DA-4204-B8EB-8F05549C82DA}"
EndProject
Project("{FAE04EC0-301F-11D3-BF4B-00C04F79EFBC}") = "CapaAccesoDato", "CapaAccesoDato\CapaAccesoDato.csproj", "{F4AD29AD-6958-499A-9FAE-32E989BE9C96}"
EndProject
Project("{FAE04EC0-301F-11D3-BF4B-00C04F79EFBC}") = "CapaDominio", "CapaDominio\CapaDominio.csproj", "{C0F90655-29F5-4748-9409-E84C5C56E86B}"
EndProject
Project("{FAE04EC0-301F-11D3-BF4B-00C04F79EFBC}") = "CapaDAO", "CapaDAO\CapaDAO.csproj", "{3C978493-0B51-4B77-B642-DCC07392B0E1}"
EndProject
Project("{FAE04EC0-301F-11D3-BF4B-00C04F79EFBC}") = "CapaNegocio", "CapaNegocio\CapaNegocio.csproj", "{1202A1C7-69D2-4C30-AE49-E845D3014C57}"
EndProject
Global
	GlobalSection(SolutionConfigurationPlatforms) = preSolution
		Debug|Any CPU = Debug|Any CPU
		Release|Any CPU = Release|Any CPU
	EndGlobalSection
	GlobalSection(ProjectConfigurationPlatforms) = postSolution
		{3458D29C-19DA-4204-B8EB-8F05549C82DA}.Debug|Any CPU.ActiveCfg = Debug|Any CPU
		{3458D29C-19DA-4204-B8EB-8F05549C82DA}.Debug|Any CPU.Build.0 = Debug|Any CPU
		{3458D29C-19DA-4204-B8EB-8F05549C82DA}.Release|Any CPU.ActiveCfg = Release|Any CPU
		{3458D29C-19DA-4204-B8EB-8F05549C82DA}.Release|Any CPU.Build.0 = Release|Any CPU
		{F4AD29AD-6958-499A-9FAE-32E989BE9C96}.Debug|Any CPU.ActiveCfg = Debug|Any CPU
		{F4AD29AD-6958-499A-9FAE-32E989BE9C96}.Debug|Any CPU.Build.0 = Debug|Any CPU
		{F4AD29AD-6958-499A-9FAE-32E989BE9C96}.Release|Any CPU.ActiveCfg = Release|Any CPU
		{F4AD29AD-6958-499A-9FAE-32E989BE9C96}.Release|Any CPU.Build.0 = Release|Any CPU
		{C0F90655-29F5-4748-9409-E84C5C56E86B}.Debug|Any CPU.ActiveCfg = Debug|Any CPU
		{C0F90655-29F5-4748-9409-E84C5C56E86B}.Debug|Any CPU.Build.0 = Debug|Any CPU
		{C0F90655-29F5-4748-9409-E84C5C56E86B}.Release|Any CPU.ActiveCfg = Release|Any CPU
		{C0F90655-29F5-4748-9409-E84C5C56E86B}.Release|Any CPU.Build.0 = Release|Any CPU
		{3C978493-0B51-4B77-B642-DCC07392B0E1}.Debug|Any CPU.ActiveCfg = Debug|Any CPU
		{3C978493-0B51-4B77-B642-DCC07392B0E1}.Debug|Any CPU.Build.0 = Debug|Any CPU
		{3C978493-0B51-4B77-B642-DCC07392B0E1}.Release|Any CPU.ActiveCfg = Release|Any CPU
		{3C978493-0B51-4B77-B642-DCC07392B0E1}.Release|Any CPU.Build.0 = Release|Any CPU
		{1202A1C7-69D2-4C30-AE49-E845D3014C57}.Debug|Any CPU.ActiveCfg = Debug|Any CPU
		{1202A1C7-69D2-4C30-AE49-E845D3014C57}.Debug|Any CPU.Build.0 = Debug|Any CPU
		{1202A1C7-69D2-4C30-AE49-E845D3014C57}.Release|Any CPU.ActiveCfg = Release|Any CPU
		{1202A1C7-69D2-4C30-AE49-E845D3014C57}.Release|Any CPU.Build.0 = Release|Any CPU
	EndGlobalSection
	GlobalSection(SolutionProperties) = preSolution
		HideSolutionNode = FALSE
	EndGlobalSection
	GlobalSection(ExtensibilityGlobals) = postSolution
		SolutionGuid = {2A44B2A0-70AD-415A-84FE-2DE477E55077}
	EndGlobalSection
EndGlobal
